// !$*UTF8*$!
{
	archiveVersion = 1;
	classes = {
	};
	objectVersion = 70;
	objects = {

/* Begin PBXBuildFile section */
		DA3DBB8A2AF5060400AAD4B4 /* main.cpp in Sources */ = {isa = PBXBuildFile; fileRef = DA3DBB892AF5060400AAD4B4 /* main.cpp */; };
		DA3DBB902AF5062A00AAD4B4 /* libproccpp.cpp in Sources */ = {isa = PBXBuildFile; fileRef = DA3DBB8E2AF5062A00AAD4B4 /* libproccpp.cpp */; };
		DA4509522AF516B0000815B5 /* FileDescriptorInfo.cpp in Sources */ = {isa = PBXBuildFile; fileRef = DA4509502AF516B0000815B5 /* FileDescriptorInfo.cpp */; };
		DA4509552AF518EA000815B5 /* ProcessInfo.cpp in Sources */ = {isa = PBXBuildFile; fileRef = DA4509532AF518EA000815B5 /* ProcessInfo.cpp */; };
		DA45095E2AF52518000815B5 /* SocketFileDescriptorInfo.cpp in Sources */ = {isa = PBXBuildFile; fileRef = DA45095C2AF52518000815B5 /* SocketFileDescriptorInfo.cpp */; };
		DA4509612AF5310B000815B5 /* TCPSocketInfo.cpp in Sources */ = {isa = PBXBuildFile; fileRef = DA45095F2AF5310B000815B5 /* TCPSocketInfo.cpp */; };
/* End PBXBuildFile section */

/* Begin PBXCopyFilesBuildPhase section */
		DA3DBB852AF5060400AAD4B4 /* CopyFiles */ = {
			isa = PBXCopyFilesBuildPhase;
			buildActionMask = 2147483647;
			dstPath = /usr/share/man/man1/;
			dstSubfolderSpec = 0;
			files = (
			);
			runOnlyForDeploymentPostprocessing = 1;
		};
		DAB39E722EA7CC3C00B7762A /* CopyFiles */ = {
			isa = PBXCopyFilesBuildPhase;
			buildActionMask = 2147483647;
			dstPath = /usr/share/man/man1/;
			dstSubfolderSpec = 0;
			files = (
			);
			runOnlyForDeploymentPostprocessing = 1;
		};
/* End PBXCopyFilesBuildPhase section */

/* Begin PBXFileReference section */
		DA3DBB872AF5060400AAD4B4 /* testlibproccpp */ = {isa = PBXFileReference; explicitFileType = "compiled.mach-o.executable"; includeInIndex = 0; path = testlibproccpp; sourceTree = BUILT_PRODUCTS_DIR; };
		DA3DBB892AF5060400AAD4B4 /* main.cpp */ = {isa = PBXFileReference; lastKnownFileType = sourcecode.cpp.cpp; path = main.cpp; sourceTree = "<group>"; };
		DA3DBB8E2AF5062A00AAD4B4 /* libproccpp.cpp */ = {isa = PBXFileReference; lastKnownFileType = sourcecode.cpp.cpp; path = libproccpp.cpp; sourceTree = "<group>"; };
		DA3DBB8F2AF5062A00AAD4B4 /* libproccpp.hpp */ = {isa = PBXFileReference; lastKnownFileType = sourcecode.cpp.h; path = libproccpp.hpp; sourceTree = "<group>"; };
		DA4509382AF50CB8000815B5 /* README.md */ = {isa = PBXFileReference; lastKnownFileType = net.daringfireball.markdown; path = README.md; sourceTree = "<group>"; };
		DA4509502AF516B0000815B5 /* FileDescriptorInfo.cpp */ = {isa = PBXFileReference; lastKnownFileType = sourcecode.cpp.cpp; path = FileDescriptorInfo.cpp; sourceTree = "<group>"; };
		DA4509512AF516B0000815B5 /* FileDescriptorInfo.hpp */ = {isa = PBXFileReference; lastKnownFileType = sourcecode.cpp.h; path = FileDescriptorInfo.hpp; sourceTree = "<group>"; };
		DA4509532AF518EA000815B5 /* ProcessInfo.cpp */ = {isa = PBXFileReference; lastKnownFileType = sourcecode.cpp.cpp; path = ProcessInfo.cpp; sourceTree = "<group>"; };
		DA4509542AF518EA000815B5 /* ProcessInfo.hpp */ = {isa = PBXFileReference; lastKnownFileType = sourcecode.cpp.h; path = ProcessInfo.hpp; sourceTree = "<group>"; };
		DA45095C2AF52518000815B5 /* SocketFileDescriptorInfo.cpp */ = {isa = PBXFileReference; lastKnownFileType = sourcecode.cpp.cpp; path = SocketFileDescriptorInfo.cpp; sourceTree = "<group>"; };
		DA45095D2AF52518000815B5 /* SocketFileDescriptorInfo.hpp */ = {isa = PBXFileReference; lastKnownFileType = sourcecode.cpp.h; path = SocketFileDescriptorInfo.hpp; sourceTree = "<group>"; };
		DA45095F2AF5310B000815B5 /* TCPSocketInfo.cpp */ = {isa = PBXFileReference; lastKnownFileType = sourcecode.cpp.cpp; path = TCPSocketInfo.cpp; sourceTree = "<group>"; };
		DA4509602AF5310B000815B5 /* TCPSocketInfo.hpp */ = {isa = PBXFileReference; lastKnownFileType = sourcecode.cpp.h; path = TCPSocketInfo.hpp; sourceTree = "<group>"; };
		DAB39E742EA7CC3C00B7762A /* allProcessesInfo */ = {isa = PBXFileReference; explicitFileType = "compiled.mach-o.executable"; includeInIndex = 0; path = allProcessesInfo; sourceTree = BUILT_PRODUCTS_DIR; };
/* End PBXFileReference section */

/* Begin PBXFileSystemSynchronizedRootGroup section */
		DAB39E752EA7CC3C00B7762A /* allProcessesInfo */ = {isa = PBXFileSystemSynchronizedRootGroup; explicitFileTypes = {}; explicitFolders = (); path = allProcessesInfo; sourceTree = "<group>"; };
/* End PBXFileSystemSynchronizedRootGroup section */

/* Begin PBXFrameworksBuildPhase section */
		DA3DBB842AF5060400AAD4B4 /* Frameworks */ = {
			isa = PBXFrameworksBuildPhase;
			buildActionMask = 2147483647;
			files = (
			);
			runOnlyForDeploymentPostprocessing = 0;
		};
		DAB39E712EA7CC3C00B7762A /* Frameworks */ = {
			isa = PBXFrameworksBuildPhase;
			buildActionMask = 2147483647;
			files = (
			);
			runOnlyForDeploymentPostprocessing = 0;
		};
/* End PBXFrameworksBuildPhase section */

/* Begin PBXGroup section */
		DA3DBB702AF5051200AAD4B4 = {
			isa = PBXGroup;
			children = (
				DA4509382AF50CB8000815B5 /* README.md */,
				DA3DBB7B2AF5051200AAD4B4 /* libproccpp */,
				DA3DBB882AF5060400AAD4B4 /* testlibproccpp */,
				DAB39E752EA7CC3C00B7762A /* allProcessesInfo */,
				DA3DBB7A2AF5051200AAD4B4 /* Products */,
			);
			sourceTree = "<group>";
		};
		DA3DBB7A2AF5051200AAD4B4 /* Products */ = {
			isa = PBXGroup;
			children = (
				DA3DBB872AF5060400AAD4B4 /* testlibproccpp */,
				DAB39E742EA7CC3C00B7762A /* allProcessesInfo */,
			);
			name = Products;
			sourceTree = "<group>";
		};
		DA3DBB7B2AF5051200AAD4B4 /* libproccpp */ = {
			isa = PBXGroup;
			children = (
				DA4509502AF516B0000815B5 /* FileDescriptorInfo.cpp */,
				DA4509512AF516B0000815B5 /* FileDescriptorInfo.hpp */,
				DA3DBB8E2AF5062A00AAD4B4 /* libproccpp.cpp */,
				DA3DBB8F2AF5062A00AAD4B4 /* libproccpp.hpp */,
				DA4509532AF518EA000815B5 /* ProcessInfo.cpp */,
				DA4509542AF518EA000815B5 /* ProcessInfo.hpp */,
				DA45095C2AF52518000815B5 /* SocketFileDescriptorInfo.cpp */,
				DA45095D2AF52518000815B5 /* SocketFileDescriptorInfo.hpp */,
				DA45095F2AF5310B000815B5 /* TCPSocketInfo.cpp */,
				DA4509602AF5310B000815B5 /* TCPSocketInfo.hpp */,
			);
			path = libproccpp;
			sourceTree = "<group>";
		};
		DA3DBB882AF5060400AAD4B4 /* testlibproccpp */ = {
			isa = PBXGroup;
			children = (
				DA3DBB892AF5060400AAD4B4 /* main.cpp */,
			);
			path = testlibproccpp;
			sourceTree = "<group>";
		};
/* End PBXGroup section */

/* Begin PBXNativeTarget section */
		DA3DBB862AF5060400AAD4B4 /* testlibproccpp */ = {
			isa = PBXNativeTarget;
			buildConfigurationList = DA3DBB8D2AF5060400AAD4B4 /* Build configuration list for PBXNativeTarget "testlibproccpp" */;
			buildPhases = (
				DA3DBB832AF5060400AAD4B4 /* Sources */,
				DA3DBB842AF5060400AAD4B4 /* Frameworks */,
				DA3DBB852AF5060400AAD4B4 /* CopyFiles */,
			);
			buildRules = (
			);
			dependencies = (
			);
			name = testlibproccpp;
			productName = testlibproccpp;
			productReference = DA3DBB872AF5060400AAD4B4 /* testlibproccpp */;
			productType = "com.apple.product-type.tool";
		};
		DAB39E732EA7CC3C00B7762A /* allProcessesInfo */ = {
			isa = PBXNativeTarget;
			buildConfigurationList = DAB39E7A2EA7CC3C00B7762A /* Build configuration list for PBXNativeTarget "allProcessesInfo" */;
			buildPhases = (
				DAB39E702EA7CC3C00B7762A /* Sources */,
				DAB39E712EA7CC3C00B7762A /* Frameworks */,
				DAB39E722EA7CC3C00B7762A /* CopyFiles */,
			);
			buildRules = (
			);
			dependencies = (
			);
			fileSystemSynchronizedGroups = (
				DAB39E752EA7CC3C00B7762A /* allProcessesInfo */,
			);
			name = allProcessesInfo;
			packageProductDependencies = (
			);
			productName = allProcessesInfo;
			productReference = DAB39E742EA7CC3C00B7762A /* allProcessesInfo */;
			productType = "com.apple.product-type.tool";
		};
/* End PBXNativeTarget section */

/* Begin PBXProject section */
		DA3DBB712AF5051200AAD4B4 /* Project object */ = {
			isa = PBXProject;
			attributes = {
				BuildIndependentTargetsInParallel = 1;
				LastUpgradeCheck = 1500;
				TargetAttributes = {
					DA3DBB862AF5060400AAD4B4 = {
						CreatedOnToolsVersion = 15.0.1;
					};
					DAB39E732EA7CC3C00B7762A = {
						CreatedOnToolsVersion = 26.0;
					};
				};
			};
			buildConfigurationList = DA3DBB742AF5051200AAD4B4 /* Build configuration list for PBXProject "libproccpp" */;
			compatibilityVersion = "Xcode 14.0";
			developmentRegion = en;
			hasScannedForEncodings = 0;
			knownRegions = (
				en,
				Base,
			);
			mainGroup = DA3DBB702AF5051200AAD4B4;
			productRefGroup = DA3DBB7A2AF5051200AAD4B4 /* Products */;
			projectDirPath = "";
			projectRoot = "";
			targets = (
				DA3DBB862AF5060400AAD4B4 /* testlibproccpp */,
				DAB39E732EA7CC3C00B7762A /* allProcessesInfo */,
			);
		};
/* End PBXProject section */

/* Begin PBXSourcesBuildPhase section */
		DA3DBB832AF5060400AAD4B4 /* Sources */ = {
			isa = PBXSourcesBuildPhase;
			buildActionMask = 2147483647;
			files = (
				DA3DBB8A2AF5060400AAD4B4 /* main.cpp in Sources */,
				DA45095E2AF52518000815B5 /* SocketFileDescriptorInfo.cpp in Sources */,
				DA4509552AF518EA000815B5 /* ProcessInfo.cpp in Sources */,
				DA4509522AF516B0000815B5 /* FileDescriptorInfo.cpp in Sources */,
				DA4509612AF5310B000815B5 /* TCPSocketInfo.cpp in Sources */,
				DA3DBB902AF5062A00AAD4B4 /* libproccpp.cpp in Sources */,
			);
			runOnlyForDeploymentPostprocessing = 0;
		};
		DAB39E702EA7CC3C00B7762A /* Sources */ = {
			isa = PBXSourcesBuildPhase;
			buildActionMask = 2147483647;
			files = (
			);
			runOnlyForDeploymentPostprocessing = 0;
		};
/* End PBXSourcesBuildPhase section */

/* Begin XCBuildConfiguration section */
		DA3DBB7E2AF5051200AAD4B4 /* Debug */ = {
			isa = XCBuildConfiguration;
			buildSettings = {
				ALWAYS_SEARCH_USER_PATHS = NO;
				ASSETCATALOG_COMPILER_GENERATE_SWIFT_ASSET_SYMBOL_EXTENSIONS = YES;
				CLANG_ANALYZER_NONNULL = YES;
				CLANG_ANALYZER_NUMBER_OBJECT_CONVERSION = YES_AGGRESSIVE;
				CLANG_CXX_LANGUAGE_STANDARD = "gnu++20";
				CLANG_ENABLE_MODULES = YES;
				CLANG_ENABLE_OBJC_ARC = YES;
				CLANG_ENABLE_OBJC_WEAK = YES;
				CLANG_WARN_BLOCK_CAPTURE_AUTORELEASING = YES;
				CLANG_WARN_BOOL_CONVERSION = YES;
				CLANG_WARN_COMMA = YES;
				CLANG_WARN_CONSTANT_CONVERSION = YES;
				CLANG_WARN_DEPRECATED_OBJC_IMPLEMENTATIONS = YES;
				CLANG_WARN_DIRECT_OBJC_ISA_USAGE = YES_ERROR;
				CLANG_WARN_DOCUMENTATION_COMMENTS = YES;
				CLANG_WARN_EMPTY_BODY = YES;
				CLANG_WARN_ENUM_CONVERSION = YES;
				CLANG_WARN_INFINITE_RECURSION = YES;
				CLANG_WARN_INT_CONVERSION = YES;
				CLANG_WARN_NON_LITERAL_NULL_CONVERSION = YES;
				CLANG_WARN_OBJC_IMPLICIT_RETAIN_SELF = YES;
				CLANG_WARN_OBJC_LITERAL_CONVERSION = YES;
				CLANG_WARN_OBJC_ROOT_CLASS = YES_ERROR;
				CLANG_WARN_QUOTED_INCLUDE_IN_FRAMEWORK_HEADER = YES;
				CLANG_WARN_RANGE_LOOP_ANALYSIS = YES;
				CLANG_WARN_STRICT_PROTOTYPES = YES;
				CLANG_WARN_SUSPICIOUS_MOVE = YES;
				CLANG_WARN_UNGUARDED_AVAILABILITY = YES_AGGRESSIVE;
				CLANG_WARN_UNREACHABLE_CODE = YES;
				CLANG_WARN__DUPLICATE_METHOD_MATCH = YES;
				COPY_PHASE_STRIP = NO;
				DEBUG_INFORMATION_FORMAT = dwarf;
				ENABLE_STRICT_OBJC_MSGSEND = YES;
				ENABLE_TESTABILITY = YES;
				ENABLE_USER_SCRIPT_SANDBOXING = YES;
				GCC_C_LANGUAGE_STANDARD = gnu17;
				GCC_DYNAMIC_NO_PIC = NO;
				GCC_NO_COMMON_BLOCKS = YES;
				GCC_OPTIMIZATION_LEVEL = 0;
				GCC_PREPROCESSOR_DEFINITIONS = (
					"DEBUG=1",
					"$(inherited)",
				);
				GCC_WARN_64_TO_32_BIT_CONVERSION = YES;
				GCC_WARN_ABOUT_RETURN_TYPE = YES_ERROR;
				GCC_WARN_UNDECLARED_SELECTOR = YES;
				GCC_WARN_UNINITIALIZED_AUTOS = YES_AGGRESSIVE;
				GCC_WARN_UNUSED_FUNCTION = YES;
				GCC_WARN_UNUSED_VARIABLE = YES;
				LOCALIZATION_PREFERS_STRING_CATALOGS = YES;
				MACOSX_DEPLOYMENT_TARGET = 14.0;
				MTL_ENABLE_DEBUG_INFO = INCLUDE_SOURCE;
				MTL_FAST_MATH = YES;
				ONLY_ACTIVE_ARCH = YES;
				SDKROOT = macosx;
			};
			name = Debug;
		};
		DA3DBB7F2AF5051200AAD4B4 /* Release */ = {
			isa = XCBuildConfiguration;
			buildSettings = {
				ALWAYS_SEARCH_USER_PATHS = NO;
				ASSETCATALOG_COMPILER_GENERATE_SWIFT_ASSET_SYMBOL_EXTENSIONS = YES;
				CLANG_ANALYZER_NONNULL = YES;
				CLANG_ANALYZER_NUMBER_OBJECT_CONVERSION = YES_AGGRESSIVE;
				CLANG_CXX_LANGUAGE_STANDARD = "gnu++20";
				CLANG_ENABLE_MODULES = YES;
				CLANG_ENABLE_OBJC_ARC = YES;
				CLANG_ENABLE_OBJC_WEAK = YES;
				CLANG_WARN_BLOCK_CAPTURE_AUTORELEASING = YES;
				CLANG_WARN_BOOL_CONVERSION = YES;
				CLANG_WARN_COMMA = YES;
				CLANG_WARN_CONSTANT_CONVERSION = YES;
				CLANG_WARN_DEPRECATED_OBJC_IMPLEMENTATIONS = YES;
				CLANG_WARN_DIRECT_OBJC_ISA_USAGE = YES_ERROR;
				CLANG_WARN_DOCUMENTATION_COMMENTS = YES;
				CLANG_WARN_EMPTY_BODY = YES;
				CLANG_WARN_ENUM_CONVERSION = YES;
				CLANG_WARN_INFINITE_RECURSION = YES;
				CLANG_WARN_INT_CONVERSION = YES;
				CLANG_WARN_NON_LITERAL_NULL_CONVERSION = YES;
				CLANG_WARN_OBJC_IMPLICIT_RETAIN_SELF = YES;
				CLANG_WARN_OBJC_LITERAL_CONVERSION = YES;
				CLANG_WARN_OBJC_ROOT_CLASS = YES_ERROR;
				CLANG_WARN_QUOTED_INCLUDE_IN_FRAMEWORK_HEADER = YES;
				CLANG_WARN_RANGE_LOOP_ANALYSIS = YES;
				CLANG_WARN_STRICT_PROTOTYPES = YES;
				CLANG_WARN_SUSPICIOUS_MOVE = YES;
				CLANG_WARN_UNGUARDED_AVAILABILITY = YES_AGGRESSIVE;
				CLANG_WARN_UNREACHABLE_CODE = YES;
				CLANG_WARN__DUPLICATE_METHOD_MATCH = YES;
				COPY_PHASE_STRIP = NO;
				DEBUG_INFORMATION_FORMAT = "dwarf-with-dsym";
				ENABLE_NS_ASSERTIONS = NO;
				ENABLE_STRICT_OBJC_MSGSEND = YES;
				ENABLE_USER_SCRIPT_SANDBOXING = YES;
				GCC_C_LANGUAGE_STANDARD = gnu17;
				GCC_NO_COMMON_BLOCKS = YES;
				GCC_WARN_64_TO_32_BIT_CONVERSION = YES;
				GCC_WARN_ABOUT_RETURN_TYPE = YES_ERROR;
				GCC_WARN_UNDECLARED_SELECTOR = YES;
				GCC_WARN_UNINITIALIZED_AUTOS = YES_AGGRESSIVE;
				GCC_WARN_UNUSED_FUNCTION = YES;
				GCC_WARN_UNUSED_VARIABLE = YES;
				LOCALIZATION_PREFERS_STRING_CATALOGS = YES;
				MACOSX_DEPLOYMENT_TARGET = 14.0;
				MTL_ENABLE_DEBUG_INFO = NO;
				MTL_FAST_MATH = YES;
				SDKROOT = macosx;
			};
			name = Release;
		};
		DA3DBB8B2AF5060400AAD4B4 /* Debug */ = {
			isa = XCBuildConfiguration;
			buildSettings = {
				CODE_SIGN_STYLE = Automatic;
				DEVELOPMENT_TEAM = QBPW9LPK8E;
				ENABLE_HARDENED_RUNTIME = YES;
				PRODUCT_NAME = "$(TARGET_NAME)";
			};
			name = Debug;
		};
		DA3DBB8C2AF5060400AAD4B4 /* Release */ = {
			isa = XCBuildConfiguration;
			buildSettings = {
				CODE_SIGN_STYLE = Automatic;
				DEVELOPMENT_TEAM = QBPW9LPK8E;
				ENABLE_HARDENED_RUNTIME = YES;
				PRODUCT_NAME = "$(TARGET_NAME)";
			};
			name = Release;
		};
		DAB39E782EA7CC3C00B7762A /* Debug */ = {
			isa = XCBuildConfiguration;
			buildSettings = {
				CODE_SIGN_STYLE = Automatic;
				MACOSX_DEPLOYMENT_TARGET = 15.6;
				PRODUCT_NAME = "$(TARGET_NAME)";
			};
			name = Debug;
		};
		DAB39E792EA7CC3C00B7762A /* Release */ = {
			isa = XCBuildConfiguration;
			buildSettings = {
				CODE_SIGN_STYLE = Automatic;
				MACOSX_DEPLOYMENT_TARGET = 15.6;
				PRODUCT_NAME = "$(TARGET_NAME)";
			};
			name = Release;
		};
/* End XCBuildConfiguration section */

/* Begin XCConfigurationList section */
		DA3DBB742AF5051200AAD4B4 /* Build configuration list for PBXProject "libproccpp" */ = {
			isa = XCConfigurationList;
			buildConfigurations = (
				DA3DBB7E2AF5051200AAD4B4 /* Debug */,
				DA3DBB7F2AF5051200AAD4B4 /* Release */,
			);
			defaultConfigurationIsVisible = 0;
			defaultConfigurationName = Release;
		};
		DA3DBB8D2AF5060400AAD4B4 /* Build configuration list for PBXNativeTarget "testlibproccpp" */ = {
			isa = XCConfigurationList;
			buildConfigurations = (
				DA3DBB8B2AF5060400AAD4B4 /* Debug */,
				DA3DBB8C2AF5060400AAD4B4 /* Release */,
			);
			defaultConfigurationIsVisible = 0;
			defaultConfigurationName = Release;
		};
		DAB39E7A2EA7CC3C00B7762A /* Build configuration list for PBXNativeTarget "allProcessesInfo" */ = {
			isa = XCConfigurationList;
			buildConfigurations = (
				DAB39E782EA7CC3C00B7762A /* Debug */,
				DAB39E792EA7CC3C00B7762A /* Release */,
			);
			defaultConfigurationIsVisible = 0;
			defaultConfigurationName = Release;
		};
/* End XCConfigurationList section */
	};
	rootObject = DA3DBB712AF5051200AAD4B4 /* Project object */;
}
